<?xml version="1.0" encoding="utf-8"?>
<Project ToolsVersion="4.0" xmlns="http://schemas.microsoft.com/developer/msbuild/2003">
  <ItemGroup>
    <Filter Include="Crumble">
      <UniqueIdentifier>{0F43AC3B-7B22-2BD7-843A-B6ADF0989138}</UniqueIdentifier>
    </Filter>
    <Filter Include="Crumble\Events">
      <UniqueIdentifier>{130834C0-FFD5-27C6-E869-98ECD4D6032B}</UniqueIdentifier>
    </Filter>
    <Filter Include="Crumble\ImGui">
      <UniqueIdentifier>{798744C0-E547-C0F6-AE82-09741A0205D3}</UniqueIdentifier>
    </Filter>
    <Filter Include="Crumble\Platform">
      <UniqueIdentifier>{436074B9-2F59-930B-588B-789044E37217}</UniqueIdentifier>
    </Filter>
    <Filter Include="Crumble\Platform\Windows">
      <UniqueIdentifier>{7D9D739A-69C2-C21A-920D-A8AA7E91C138}</UniqueIdentifier>
    </Filter>
  </ItemGroup>
  <ItemGroup>
    <ClInclude Include="src\Crumble.h" />
    <ClInclude Include="src\Crumble\Application.h">
      <Filter>Crumble</Filter>
    </ClInclude>
    <ClInclude Include="src\Crumble\Core.h">
      <Filter>Crumble</Filter>
    </ClInclude>
    <ClInclude Include="src\Crumble\EntryPoint.h">
      <Filter>Crumble</Filter>
    </ClInclude>
    <ClInclude Include="src\Crumble\Events\ApplicationEvent.h">
      <Filter>Crumble\Events</Filter>
    </ClInclude>
    <ClInclude Include="src\Crumble\Events\Event.h">
      <Filter>Crumble\Events</Filter>
    </ClInclude>
    <ClInclude Include="src\Crumble\Events\KeyEvent.h">
      <Filter>Crumble\Events</Filter>
    </ClInclude>
    <ClInclude Include="src\Crumble\Events\MouseEvent.h">
      <Filter>Crumble\Events</Filter>
    </ClInclude>
    <ClInclude Include="src\Crumble\ImGui\ImGuiLayer.h">
      <Filter>Crumble\ImGui</Filter>
    </ClInclude>
    <ClInclude Include="src\Crumble\Input.h">
      <Filter>Crumble</Filter>
    </ClInclude>
    <ClInclude Include="src\Crumble\KeyCodes.h">
      <Filter>Crumble</Filter>
    </ClInclude>
    <ClInclude Include="src\Crumble\Layer.h">
      <Filter>Crumble</Filter>
    </ClInclude>
    <ClInclude Include="src\Crumble\LayerStack.h">
      <Filter>Crumble</Filter>
    </ClInclude>
    <ClInclude Include="src\Crumble\Log.h">
      <Filter>Crumble</Filter>
    </ClInclude>
    <ClInclude Include="src\Crumble\MouseButtonCodes.h">
      <Filter>Crumble</Filter>
    </ClInclude>
    <ClInclude Include="src\Crumble\Platform\Windows\WindowsInput.h">
      <Filter>Crumble\Platform\Windows</Filter>
    </ClInclude>
    <ClInclude Include="src\Crumble\Platform\Windows\WindowsWindow.h">
      <Filter>Crumble\Platform\Windows</Filter>
    </ClInclude>
    <ClInclude Include="src\Crumble\Window.h">
      <Filter>Crumble</Filter>
    </ClInclude>
    <ClInclude Include="src\crpch.h" />
  </ItemGroup>
  <ItemGroup>
    <ClCompile Include="src\Crumble\Application.cpp">
      <Filter>Crumble</Filter>
    </ClCompile>
    <ClCompile Include="src\Crumble\ImGui\ImGuiBuild.cpp">
      <Filter>Crumble\ImGui</Filter>
    </ClCompile>
    <ClCompile Include="src\Crumble\ImGui\ImGuiLayer.cpp">
      <Filter>Crumble\ImGui</Filter>
    </ClCompile>
    <ClCompile Include="src\Crumble\Layer.cpp">
      <Filter>Crumble</Filter>
    </ClCompile>
    <ClCompile Include="src\Crumble\LayerStack.cpp">
      <Filter>Crumble</Filter>
    </ClCompile>
    <ClCompile Include="src\Crumble\Log.cpp">
      <Filter>Crumble</Filter>
    </ClCompile>
    <ClCompile Include="src\Crumble\Platform\Windows\WindowsInput.cpp">
      <Filter>Crumble\Platform\Windows</Filter>
    </ClCompile>
    <ClCompile Include="src\Crumble\Platform\Windows\WindowsWindow.cpp">
      <Filter>Crumble\Platform\Windows</Filter>
    </ClCompile>
    <ClCompile Include="src\crpch.cpp" />
  </ItemGroup>
</Project>